
Microsoft Visual Studio Solution File, Format Version 12.00
# Visual Studio Version 16
VisualStudioVersion = 16.0.30503.244
MinimumVisualStudioVersion = 10.0.40219.1
Project("{FAE04EC0-301F-11D3-BF4B-00C04F79EFBC}") = "Microservices.Ticketing.WebApi", "Microservices.Ticketing.WebApi\Microservices.Ticketing.WebApi.csproj", "{8E7DC178-6324-4667-BD2E-FBA8CF1933DE}"
EndProject
Project("{FAE04EC0-301F-11D3-BF4B-00C04F79EFBC}") = "Shared.Models", "Shared.Models\Shared.Models.csproj", "{72A2F16D-8AAF-4BB9-BD20-A591A7EFE0D1}"
EndProject
Project("{FAE04EC0-301F-11D3-BF4B-00C04F79EFBC}") = "Ticketing.Microservice", "Ticketing.Microservice\Ticketing.Microservice.csproj", "{03CC285B-1519-4247-A3FC-FCF39D61C468}"
EndProject
Global
	GlobalSection(SolutionConfigurationPlatforms) = preSolution
		Debug|Any CPU = Debug|Any CPU
		Release|Any CPU = Release|Any CPU
	EndGlobalSection
	GlobalSection(ProjectConfigurationPlatforms) = postSolution
		{8E7DC178-6324-4667-BD2E-FBA8CF1933DE}.Debug|Any CPU.ActiveCfg = Debug|Any CPU
		{8E7DC178-6324-4667-BD2E-FBA8CF1933DE}.Debug|Any CPU.Build.0 = Debug|Any CPU
		{8E7DC178-6324-4667-BD2E-FBA8CF1933DE}.Release|Any CPU.ActiveCfg = Release|Any CPU
		{8E7DC178-6324-4667-BD2E-FBA8CF1933DE}.Release|Any CPU.Build.0 = Release|Any CPU
		{72A2F16D-8AAF-4BB9-BD20-A591A7EFE0D1}.Debug|Any CPU.ActiveCfg = Debug|Any CPU
		{72A2F16D-8AAF-4BB9-BD20-A591A7EFE0D1}.Debug|Any CPU.Build.0 = Debug|Any CPU
		{72A2F16D-8AAF-4BB9-BD20-A591A7EFE0D1}.Release|Any CPU.ActiveCfg = Release|Any CPU
		{72A2F16D-8AAF-4BB9-BD20-A591A7EFE0D1}.Release|Any CPU.Build.0 = Release|Any CPU
		{03CC285B-1519-4247-A3FC-FCF39D61C468}.Debug|Any CPU.ActiveCfg = Debug|Any CPU
		{03CC285B-1519-4247-A3FC-FCF39D61C468}.Debug|Any CPU.Build.0 = Debug|Any CPU
		{03CC285B-1519-4247-A3FC-FCF39D61C468}.Release|Any CPU.ActiveCfg = Release|Any CPU
		{03CC285B-1519-4247-A3FC-FCF39D61C468}.Release|Any CPU.Build.0 = Release|Any CPU
	EndGlobalSection
	GlobalSection(SolutionProperties) = preSolution
		HideSolutionNode = FALSE
	EndGlobalSection
	GlobalSection(ExtensibilityGlobals) = postSolution
		SolutionGuid = {01E4B363-46AE-4CCB-8CEA-34848EAFB53A}
	EndGlobalSection
EndGlobal
